
Microsoft Visual Studio Solution File, Format Version 12.00
# Visual Studio Version 16
VisualStudioVersion = 25.0.1700.5
MinimumVisualStudioVersion = 10.0.40219.1
Project("{FAE04EC0-301F-11D3-BF4B-00C04F79EFBC}") = "Sample_Project", "Sample_Project\Sample_Project.csproj", "{CE9FED61-2D95-4E3B-BCB7-920297AB765B}"
EndProject
Global
	GlobalSection(SolutionConfigurationPlatforms) = preSolution
		Debug|Any CPU = Debug|Any CPU
		Release|Any CPU = Release|Any CPU
	EndGlobalSection
	GlobalSection(ProjectConfigurationPlatforms) = postSolution
		{CE9FED61-2D95-4E3B-BCB7-920297AB765B}.Debug|Any CPU.ActiveCfg = Debug|Any CPU
		{CE9FED61-2D95-4E3B-BCB7-920297AB765B}.Debug|Any CPU.Build.0 = Debug|Any CPU
		{CE9FED61-2D95-4E3B-BCB7-920297AB765B}.Release|Any CPU.ActiveCfg = Release|Any CPU
		{CE9FED61-2D95-4E3B-BCB7-920297AB765B}.Release|Any CPU.Build.0 = Release|Any CPU
	EndGlobalSection
	GlobalSection(SolutionProperties) = preSolution
		HideSolutionNode = FALSE
	EndGlobalSection
	GlobalSection(ExtensibilityGlobals) = postSolution
		SolutionGuid = {F7E1339F-44B8-42C0-86D3-97ED5900D075}
	EndGlobalSection
EndGlobal
