
Microsoft Visual Studio Solution File, Format Version 12.00
# Visual Studio Version 16
VisualStudioVersion = 16.0.31410.357
MinimumVisualStudioVersion = 10.0.40219.1
Project("{9A19103F-16F7-4668-BE54-9A1E7A4F7556}") = "Sample_Project", "Sample_Project.csproj", "{2562D0B6-76A2-403D-A711-B9639E02DDCE}"
EndProject
Global
	GlobalSection(SolutionConfigurationPlatforms) = preSolution
		Debug|Any CPU = Debug|Any CPU
		Release|Any CPU = Release|Any CPU
	EndGlobalSection
	GlobalSection(ProjectConfigurationPlatforms) = postSolution
		{2562D0B6-76A2-403D-A711-B9639E02DDCE}.Debug|Any CPU.ActiveCfg = Debug|Any CPU
		{2562D0B6-76A2-403D-A711-B9639E02DDCE}.Debug|Any CPU.Build.0 = Debug|Any CPU
		{2562D0B6-76A2-403D-A711-B9639E02DDCE}.Release|Any CPU.ActiveCfg = Release|Any CPU
		{2562D0B6-76A2-403D-A711-B9639E02DDCE}.Release|Any CPU.Build.0 = Release|Any CPU
	EndGlobalSection
	GlobalSection(SolutionProperties) = preSolution
		HideSolutionNode = FALSE
	EndGlobalSection
	GlobalSection(ExtensibilityGlobals) = postSolution
		SolutionGuid = {F7E1339F-44B8-42C0-86D3-97ED5900D075}
	EndGlobalSection
EndGlobal
